
Microsoft Visual Studio Solution File, Format Version 12.00
# Visual Studio Version 17
VisualStudioVersion = 17.9.34701.34
MinimumVisualStudioVersion = 10.0.40219.1
Project("{FAE04EC0-301F-11D3-BF4B-00C04F79EFBC}") = "WebApi.Sample", "WebApi.Sample.csproj", "{402DC7B9-5565-41CE-9616-64F2B702F704}"
EndProject
Global
	GlobalSection(SolutionConfigurationPlatforms) = preSolution
		Debug|Any CPU = Debug|Any CPU
		Release|Any CPU = Release|Any CPU
	EndGlobalSection
	GlobalSection(ProjectConfigurationPlatforms) = postSolution
		{402DC7B9-5565-41CE-9616-64F2B702F704}.Debug|Any CPU.ActiveCfg = Debug|Any CPU
		{402DC7B9-5565-41CE-9616-64F2B702F704}.Debug|Any CPU.Build.0 = Debug|Any CPU
		{402DC7B9-5565-41CE-9616-64F2B702F704}.Release|Any CPU.ActiveCfg = Release|Any CPU
		{402DC7B9-5565-41CE-9616-64F2B702F704}.Release|Any CPU.Build.0 = Release|Any CPU
	EndGlobalSection
	GlobalSection(SolutionProperties) = preSolution
		HideSolutionNode = FALSE
	EndGlobalSection
	GlobalSection(ExtensibilityGlobals) = postSolution
		SolutionGuid = {09D65803-1212-4456-BBF4-3E2BFB0E9D5A}
	EndGlobalSection
EndGlobal
